// !$*UTF8*$!
{
	archiveVersion = 1;
	classes = {
	};
	objectVersion = 56;
	objects = {

/* Begin PBXBuildFile section */
		387909842D1BF6D4004C9B07 /* HomeScreen .swift in Sources */ = {isa = PBXBuildFile; fileRef = 387909832D1BF6D4004C9B07 /* HomeScreen .swift */; };
		387909862D1BF862004C9B07 /* FullMap.swift in Sources */ = {isa = PBXBuildFile; fileRef = 387909852D1BF862004C9B07 /* FullMap.swift */; };
		387909912D1C29CF004C9B07 /* MapViewModel.swift in Sources */ = {isa = PBXBuildFile; fileRef = 387909902D1C29CF004C9B07 /* MapViewModel.swift */; };
		387A49142D1ABC240023051F /* Assets.xcassets in Resources */ = {isa = PBXBuildFile; fileRef = 387A49132D1ABC240023051F /* Assets.xcassets */; };
		387A49162D1AC25B0023051F /* MapView.swift in Sources */ = {isa = PBXBuildFile; fileRef = 387A49152D1AC25B0023051F /* MapView.swift */; };
		387A49182D1AC4DA0023051F /* LocationDetailsView.swift in Sources */ = {isa = PBXBuildFile; fileRef = 387A49172D1AC4DA0023051F /* LocationDetailsView.swift */; };
		387A491A2D1AC6DA0023051F /* LocationDetailsViewModels.swift in Sources */ = {isa = PBXBuildFile; fileRef = 387A49192D1AC6DA0023051F /* LocationDetailsViewModels.swift */; };
		500898C12D198DA100EE0A09 /* testappApp.swift in Sources */ = {isa = PBXBuildFile; fileRef = 500898C02D198DA100EE0A09 /* testappApp.swift */; };
		500898C82D198DA300EE0A09 /* Preview Assets.xcassets in Resources */ = {isa = PBXBuildFile; fileRef = 500898C72D198DA300EE0A09 /* Preview Assets.xcassets */; };
		500898D22D199FAB00EE0A09 /* Locations.swift in Sources */ = {isa = PBXBuildFile; fileRef = 500898D12D199FAB00EE0A09 /* Locations.swift */; };
		500898DB2D19AA1800EE0A09 /* Location.swift in Sources */ = {isa = PBXBuildFile; fileRef = 500898DA2D19AA1800EE0A09 /* Location.swift */; };
		500898DE2D19B7F800EE0A09 /* DataLocation.swift in Sources */ = {isa = PBXBuildFile; fileRef = 500898DD2D19B7F800EE0A09 /* DataLocation.swift */; };
		50360EE42D1AAE160094F806 /* LocationsViewModels.swift in Sources */ = {isa = PBXBuildFile; fileRef = 50360EE32D1AAE160094F806 /* LocationsViewModels.swift */; };
		50360EE72D1AAFE70094F806 /* LocationItem.swift in Sources */ = {isa = PBXBuildFile; fileRef = 50360EE62D1AAFE70094F806 /* LocationItem.swift */; };
/* End PBXBuildFile section */

/* Begin PBXFileReference section */
		387909832D1BF6D4004C9B07 /* HomeScreen .swift */ = {isa = PBXFileReference; lastKnownFileType = sourcecode.swift; path = "HomeScreen .swift"; sourceTree = "<group>"; };
		387909852D1BF862004C9B07 /* FullMap.swift */ = {isa = PBXFileReference; lastKnownFileType = sourcecode.swift; path = FullMap.swift; sourceTree = "<group>"; };
		3879098B2D1C17A9004C9B07 /* Info.plist */ = {isa = PBXFileReference; lastKnownFileType = text.plist; path = Info.plist; sourceTree = "<group>"; };
		387909902D1C29CF004C9B07 /* MapViewModel.swift */ = {isa = PBXFileReference; lastKnownFileType = sourcecode.swift; path = MapViewModel.swift; sourceTree = "<group>"; };
		387A49132D1ABC240023051F /* Assets.xcassets */ = {isa = PBXFileReference; lastKnownFileType = folder.assetcatalog; name = Assets.xcassets; path = ../../../Downloads/Assets.xcassets; sourceTree = "<group>"; };
		387A49152D1AC25B0023051F /* MapView.swift */ = {isa = PBXFileReference; lastKnownFileType = sourcecode.swift; path = MapView.swift; sourceTree = "<group>"; };
		387A49172D1AC4DA0023051F /* LocationDetailsView.swift */ = {isa = PBXFileReference; lastKnownFileType = sourcecode.swift; name = LocationDetailsView.swift; path = testapp/Models/LocationDetailsView.swift; sourceTree = SOURCE_ROOT; };
		387A49192D1AC6DA0023051F /* LocationDetailsViewModels.swift */ = {isa = PBXFileReference; lastKnownFileType = sourcecode.swift; path = LocationDetailsViewModels.swift; sourceTree = "<group>"; };
		500898BD2D198DA100EE0A09 /* testapp.app */ = {isa = PBXFileReference; explicitFileType = wrapper.application; includeInIndex = 0; path = testapp.app; sourceTree = BUILT_PRODUCTS_DIR; };
		500898C02D198DA100EE0A09 /* testappApp.swift */ = {isa = PBXFileReference; lastKnownFileType = sourcecode.swift; path = testappApp.swift; sourceTree = "<group>"; };
		500898C72D198DA300EE0A09 /* Preview Assets.xcassets */ = {isa = PBXFileReference; lastKnownFileType = folder.assetcatalog; path = "Preview Assets.xcassets"; sourceTree = "<group>"; };
		500898D12D199FAB00EE0A09 /* Locations.swift */ = {isa = PBXFileReference; lastKnownFileType = sourcecode.swift; path = Locations.swift; sourceTree = "<group>"; };
		500898DA2D19AA1800EE0A09 /* Location.swift */ = {isa = PBXFileReference; lastKnownFileType = sourcecode.swift; path = Location.swift; sourceTree = "<group>"; };
		500898DD2D19B7F800EE0A09 /* DataLocation.swift */ = {isa = PBXFileReference; lastKnownFileType = sourcecode.swift; path = DataLocation.swift; sourceTree = "<group>"; };
		50360EE32D1AAE160094F806 /* LocationsViewModels.swift */ = {isa = PBXFileReference; lastKnownFileType = sourcecode.swift; path = LocationsViewModels.swift; sourceTree = "<group>"; };
		50360EE62D1AAFE70094F806 /* LocationItem.swift */ = {isa = PBXFileReference; lastKnownFileType = sourcecode.swift; path = LocationItem.swift; sourceTree = "<group>"; };
/* End PBXFileReference section */

/* Begin PBXFrameworksBuildPhase section */
		500898BA2D198DA100EE0A09 /* Frameworks */ = {
			isa = PBXFrameworksBuildPhase;
			buildActionMask = 2147483647;
			files = (
			);
			runOnlyForDeploymentPostprocessing = 0;
		};
/* End PBXFrameworksBuildPhase section */

/* Begin PBXGroup section */
		500898B42D198DA100EE0A09 = {
			isa = PBXGroup;
			children = (
				500898BF2D198DA100EE0A09 /* testapp */,
				500898BE2D198DA100EE0A09 /* Products */,
			);
			sourceTree = "<group>";
		};
		500898BE2D198DA100EE0A09 /* Products */ = {
			isa = PBXGroup;
			children = (
				500898BD2D198DA100EE0A09 /* testapp.app */,
			);
			name = Products;
			sourceTree = "<group>";
		};
		500898BF2D198DA100EE0A09 /* testapp */ = {
			isa = PBXGroup;
			children = (
				3879098B2D1C17A9004C9B07 /* Info.plist */,
				387A49132D1ABC240023051F /* Assets.xcassets */,
				50360EE22D1AA6E10094F806 /* ViewModels */,
				500898DC2D19B7CC00EE0A09 /* Data */,
				500898D72D19A97000EE0A09 /* Views */,
				500898CE2D199F6900EE0A09 /* Models */,
				500898C02D198DA100EE0A09 /* testappApp.swift */,
				500898C62D198DA300EE0A09 /* Preview Content */,
			);
			path = testapp;
			sourceTree = "<group>";
		};
		500898C62D198DA300EE0A09 /* Preview Content */ = {
			isa = PBXGroup;
			children = (
				500898C72D198DA300EE0A09 /* Preview Assets.xcassets */,
			);
			path = "Preview Content";
			sourceTree = "<group>";
		};
		500898CE2D199F6900EE0A09 /* Models */ = {
			isa = PBXGroup;
			children = (
				500898D12D199FAB00EE0A09 /* Locations.swift */,
			);
			path = Models;
			sourceTree = "<group>";
		};
		500898D72D19A97000EE0A09 /* Views */ = {
			isa = PBXGroup;
			children = (
				50360EE52D1AAFB00094F806 /* Widget */,
				500898DA2D19AA1800EE0A09 /* Location.swift */,
				387909832D1BF6D4004C9B07 /* HomeScreen .swift */,
			);
			path = Views;
			sourceTree = "<group>";
		};
		500898DC2D19B7CC00EE0A09 /* Data */ = {
			isa = PBXGroup;
			children = (
				500898DD2D19B7F800EE0A09 /* DataLocation.swift */,
			);
			path = Data;
			sourceTree = "<group>";
		};
		50360EE22D1AA6E10094F806 /* ViewModels */ = {
			isa = PBXGroup;
			children = (
				50360EE32D1AAE160094F806 /* LocationsViewModels.swift */,
				387A49192D1AC6DA0023051F /* LocationDetailsViewModels.swift */,
				387909902D1C29CF004C9B07 /* MapViewModel.swift */,
			);
			path = ViewModels;
			sourceTree = "<group>";
		};
		50360EE52D1AAFB00094F806 /* Widget */ = {
			isa = PBXGroup;
			children = (
				387909852D1BF862004C9B07 /* FullMap.swift */,
				387A49172D1AC4DA0023051F /* LocationDetailsView.swift */,
				50360EE62D1AAFE70094F806 /* LocationItem.swift */,
				387A49152D1AC25B0023051F /* MapView.swift */,
			);
			path = Widget;
			sourceTree = "<group>";
		};
/* End PBXGroup section */

/* Begin PBXNativeTarget section */
		500898BC2D198DA100EE0A09 /* testapp */ = {
			isa = PBXNativeTarget;
			buildConfigurationList = 500898CB2D198DA300EE0A09 /* Build configuration list for PBXNativeTarget "testapp" */;
			buildPhases = (
				500898B92D198DA100EE0A09 /* Sources */,
				500898BA2D198DA100EE0A09 /* Frameworks */,
				500898BB2D198DA100EE0A09 /* Resources */,
			);
			buildRules = (
			);
			dependencies = (
			);
			name = testapp;
			productName = testapp;
			productReference = 500898BD2D198DA100EE0A09 /* testapp.app */;
			productType = "com.apple.product-type.application";
		};
/* End PBXNativeTarget section */

/* Begin PBXProject section */
		500898B52D198DA100EE0A09 /* Project object */ = {
			isa = PBXProject;
			attributes = {
				BuildIndependentTargetsInParallel = 1;
				LastSwiftUpdateCheck = 1420;
				LastUpgradeCheck = 1420;
				TargetAttributes = {
					500898BC2D198DA100EE0A09 = {
						CreatedOnToolsVersion = 14.2;
					};
				};
			};
			buildConfigurationList = 500898B82D198DA100EE0A09 /* Build configuration list for PBXProject "testapp" */;
			compatibilityVersion = "Xcode 14.0";
			developmentRegion = en;
			hasScannedForEncodings = 0;
			knownRegions = (
				en,
				Base,
			);
			mainGroup = 500898B42D198DA100EE0A09;
			productRefGroup = 500898BE2D198DA100EE0A09 /* Products */;
			projectDirPath = "";
			projectRoot = "";
			targets = (
				500898BC2D198DA100EE0A09 /* testapp */,
			);
		};
/* End PBXProject section */

/* Begin PBXResourcesBuildPhase section */
		500898BB2D198DA100EE0A09 /* Resources */ = {
			isa = PBXResourcesBuildPhase;
			buildActionMask = 2147483647;
			files = (
				387A49142D1ABC240023051F /* Assets.xcassets in Resources */,
				500898C82D198DA300EE0A09 /* Preview Assets.xcassets in Resources */,
			);
			runOnlyForDeploymentPostprocessing = 0;
		};
/* End PBXResourcesBuildPhase section */

/* Begin PBXSourcesBuildPhase section */
		500898B92D198DA100EE0A09 /* Sources */ = {
			isa = PBXSourcesBuildPhase;
			buildActionMask = 2147483647;
			files = (
				387A491A2D1AC6DA0023051F /* LocationDetailsViewModels.swift in Sources */,
				500898D22D199FAB00EE0A09 /* Locations.swift in Sources */,
				387909842D1BF6D4004C9B07 /* HomeScreen .swift in Sources */,
				387A49162D1AC25B0023051F /* MapView.swift in Sources */,
				500898DE2D19B7F800EE0A09 /* DataLocation.swift in Sources */,
				387A49182D1AC4DA0023051F /* LocationDetailsView.swift in Sources */,
				50360EE42D1AAE160094F806 /* LocationsViewModels.swift in Sources */,
				500898DB2D19AA1800EE0A09 /* Location.swift in Sources */,
				387909912D1C29CF004C9B07 /* MapViewModel.swift in Sources */,
				387909862D1BF862004C9B07 /* FullMap.swift in Sources */,
				500898C12D198DA100EE0A09 /* testappApp.swift in Sources */,
				50360EE72D1AAFE70094F806 /* LocationItem.swift in Sources */,
			);
			runOnlyForDeploymentPostprocessing = 0;
		};
/* End PBXSourcesBuildPhase section */

/* Begin XCBuildConfiguration section */
		500898C92D198DA300EE0A09 /* Debug */ = {
			isa = XCBuildConfiguration;
			buildSettings = {
				ALWAYS_SEARCH_USER_PATHS = NO;
				CLANG_ANALYZER_NONNULL = YES;
				CLANG_ANALYZER_NUMBER_OBJECT_CONVERSION = YES_AGGRESSIVE;
				CLANG_CXX_LANGUAGE_STANDARD = "gnu++20";
				CLANG_ENABLE_MODULES = YES;
				CLANG_ENABLE_OBJC_ARC = YES;
				CLANG_ENABLE_OBJC_WEAK = YES;
				CLANG_WARN_BLOCK_CAPTURE_AUTORELEASING = YES;
				CLANG_WARN_BOOL_CONVERSION = YES;
				CLANG_WARN_COMMA = YES;
				CLANG_WARN_CONSTANT_CONVERSION = YES;
				CLANG_WARN_DEPRECATED_OBJC_IMPLEMENTATIONS = YES;
				CLANG_WARN_DIRECT_OBJC_ISA_USAGE = YES_ERROR;
				CLANG_WARN_DOCUMENTATION_COMMENTS = YES;
				CLANG_WARN_EMPTY_BODY = YES;
				CLANG_WARN_ENUM_CONVERSION = YES;
				CLANG_WARN_INFINITE_RECURSION = YES;
				CLANG_WARN_INT_CONVERSION = YES;
				CLANG_WARN_NON_LITERAL_NULL_CONVERSION = YES;
				CLANG_WARN_OBJC_IMPLICIT_RETAIN_SELF = YES;
				CLANG_WARN_OBJC_LITERAL_CONVERSION = YES;
				CLANG_WARN_OBJC_ROOT_CLASS = YES_ERROR;
				CLANG_WARN_QUOTED_INCLUDE_IN_FRAMEWORK_HEADER = YES;
				CLANG_WARN_RANGE_LOOP_ANALYSIS = YES;
				CLANG_WARN_STRICT_PROTOTYPES = YES;
				CLANG_WARN_SUSPICIOUS_MOVE = YES;
				CLANG_WARN_UNGUARDED_AVAILABILITY = YES_AGGRESSIVE;
				CLANG_WARN_UNREACHABLE_CODE = YES;
				CLANG_WARN__DUPLICATE_METHOD_MATCH = YES;
				COPY_PHASE_STRIP = NO;
				DEBUG_INFORMATION_FORMAT = dwarf;
				ENABLE_STRICT_OBJC_MSGSEND = YES;
				ENABLE_TESTABILITY = YES;
				GCC_C_LANGUAGE_STANDARD = gnu11;
				GCC_DYNAMIC_NO_PIC = NO;
				GCC_NO_COMMON_BLOCKS = YES;
				GCC_OPTIMIZATION_LEVEL = 0;
				GCC_PREPROCESSOR_DEFINITIONS = (
					"DEBUG=1",
					"$(inherited)",
				);
				GCC_WARN_64_TO_32_BIT_CONVERSION = YES;
				GCC_WARN_ABOUT_RETURN_TYPE = YES_ERROR;
				GCC_WARN_UNDECLARED_SELECTOR = YES;
				GCC_WARN_UNINITIALIZED_AUTOS = YES_AGGRESSIVE;
				GCC_WARN_UNUSED_FUNCTION = YES;
				GCC_WARN_UNUSED_VARIABLE = YES;
				IPHONEOS_DEPLOYMENT_TARGET = 16.2;
				MTL_ENABLE_DEBUG_INFO = INCLUDE_SOURCE;
				MTL_FAST_MATH = YES;
				ONLY_ACTIVE_ARCH = YES;
				SDKROOT = iphoneos;
				SWIFT_ACTIVE_COMPILATION_CONDITIONS = DEBUG;
				SWIFT_OPTIMIZATION_LEVEL = "-Onone";
			};
			name = Debug;
		};
		500898CA2D198DA300EE0A09 /* Release */ = {
			isa = XCBuildConfiguration;
			buildSettings = {
				ALWAYS_SEARCH_USER_PATHS = NO;
				CLANG_ANALYZER_NONNULL = YES;
				CLANG_ANALYZER_NUMBER_OBJECT_CONVERSION = YES_AGGRESSIVE;
				CLANG_CXX_LANGUAGE_STANDARD = "gnu++20";
				CLANG_ENABLE_MODULES = YES;
				CLANG_ENABLE_OBJC_ARC = YES;
				CLANG_ENABLE_OBJC_WEAK = YES;
				CLANG_WARN_BLOCK_CAPTURE_AUTORELEASING = YES;
				CLANG_WARN_BOOL_CONVERSION = YES;
				CLANG_WARN_COMMA = YES;
				CLANG_WARN_CONSTANT_CONVERSION = YES;
				CLANG_WARN_DEPRECATED_OBJC_IMPLEMENTATIONS = YES;
				CLANG_WARN_DIRECT_OBJC_ISA_USAGE = YES_ERROR;
				CLANG_WARN_DOCUMENTATION_COMMENTS = YES;
				CLANG_WARN_EMPTY_BODY = YES;
				CLANG_WARN_ENUM_CONVERSION = YES;
				CLANG_WARN_INFINITE_RECURSION = YES;
				CLANG_WARN_INT_CONVERSION = YES;
				CLANG_WARN_NON_LITERAL_NULL_CONVERSION = YES;
				CLANG_WARN_OBJC_IMPLICIT_RETAIN_SELF = YES;
				CLANG_WARN_OBJC_LITERAL_CONVERSION = YES;
				CLANG_WARN_OBJC_ROOT_CLASS = YES_ERROR;
				CLANG_WARN_QUOTED_INCLUDE_IN_FRAMEWORK_HEADER = YES;
				CLANG_WARN_RANGE_LOOP_ANALYSIS = YES;
				CLANG_WARN_STRICT_PROTOTYPES = YES;
				CLANG_WARN_SUSPICIOUS_MOVE = YES;
				CLANG_WARN_UNGUARDED_AVAILABILITY = YES_AGGRESSIVE;
				CLANG_WARN_UNREACHABLE_CODE = YES;
				CLANG_WARN__DUPLICATE_METHOD_MATCH = YES;
				COPY_PHASE_STRIP = NO;
				DEBUG_INFORMATION_FORMAT = "dwarf-with-dsym";
				ENABLE_NS_ASSERTIONS = NO;
				ENABLE_STRICT_OBJC_MSGSEND = YES;
				GCC_C_LANGUAGE_STANDARD = gnu11;
				GCC_NO_COMMON_BLOCKS = YES;
				GCC_WARN_64_TO_32_BIT_CONVERSION = YES;
				GCC_WARN_ABOUT_RETURN_TYPE = YES_ERROR;
				GCC_WARN_UNDECLARED_SELECTOR = YES;
				GCC_WARN_UNINITIALIZED_AUTOS = YES_AGGRESSIVE;
				GCC_WARN_UNUSED_FUNCTION = YES;
				GCC_WARN_UNUSED_VARIABLE = YES;
				IPHONEOS_DEPLOYMENT_TARGET = 16.2;
				MTL_ENABLE_DEBUG_INFO = NO;
				MTL_FAST_MATH = YES;
				SDKROOT = iphoneos;
				SWIFT_COMPILATION_MODE = wholemodule;
				SWIFT_OPTIMIZATION_LEVEL = "-O";
				VALIDATE_PRODUCT = YES;
			};
			name = Release;
		};
		500898CC2D198DA300EE0A09 /* Debug */ = {
			isa = XCBuildConfiguration;
			buildSettings = {
				ASSETCATALOG_COMPILER_APPICON_NAME = AppIcon;
				ASSETCATALOG_COMPILER_GLOBAL_ACCENT_COLOR_NAME = AccentColor;
				CODE_SIGN_STYLE = Automatic;
				CURRENT_PROJECT_VERSION = 1;
				DEVELOPMENT_ASSET_PATHS = "\"testapp/Preview Content\"";
				DEVELOPMENT_TEAM = L5T7DN6249;
				ENABLE_PREVIEWS = YES;
				GENERATE_INFOPLIST_FILE = YES;
				INFOPLIST_FILE = testapp/Info.plist;
				INFOPLIST_KEY_NSLocationAlwaysUsageDescription = "We need access to your location to display your current position on the map.";
				INFOPLIST_KEY_NSLocationWhenInUseUsageDescription = "We need access to your location to display your current position on the map.";
				INFOPLIST_KEY_UIApplicationSceneManifest_Generation = YES;
				INFOPLIST_KEY_UIApplicationSupportsIndirectInputEvents = YES;
				INFOPLIST_KEY_UILaunchScreen_Generation = YES;
				INFOPLIST_KEY_UISupportedInterfaceOrientations_iPad = "UIInterfaceOrientationPortrait UIInterfaceOrientationPortraitUpsideDown UIInterfaceOrientationLandscapeLeft UIInterfaceOrientationLandscapeRight";
				INFOPLIST_KEY_UISupportedInterfaceOrientations_iPhone = "UIInterfaceOrientationPortrait UIInterfaceOrientationLandscapeLeft UIInterfaceOrientationLandscapeRight";
				IPHONEOS_DEPLOYMENT_TARGET = 17.0;
				LD_RUNPATH_SEARCH_PATHS = (
					"$(inherited)",
					"@executable_path/Frameworks",
				);
				MARKETING_VERSION = 1.0;
				PRODUCT_BUNDLE_IDENTIFIER = com.orange.testapp;
				PRODUCT_NAME = "$(TARGET_NAME)";
				SWIFT_EMIT_LOC_STRINGS = YES;
				SWIFT_VERSION = 5.0;
				TARGETED_DEVICE_FAMILY = "1,2";
			};
			name = Debug;
		};
		500898CD2D198DA300EE0A09 /* Release */ = {
			isa = XCBuildConfiguration;
			buildSettings = {
				ASSETCATALOG_COMPILER_APPICON_NAME = AppIcon;
				ASSETCATALOG_COMPILER_GLOBAL_ACCENT_COLOR_NAME = AccentColor;
				CODE_SIGN_STYLE = Automatic;
				CURRENT_PROJECT_VERSION = 1;
				DEVELOPMENT_ASSET_PATHS = "\"testapp/Preview Content\"";
				DEVELOPMENT_TEAM = L5T7DN6249;
				ENABLE_PREVIEWS = YES;
				GENERATE_INFOPLIST_FILE = YES;
				INFOPLIST_FILE = testapp/Info.plist;
				INFOPLIST_KEY_NSLocationAlwaysUsageDescription = "We need access to your location to display your current position on the map.";
				INFOPLIST_KEY_NSLocationWhenInUseUsageDescription = "We need access to your location to display your current position on the map.";
				INFOPLIST_KEY_UIApplicationSceneManifest_Generation = YES;
				INFOPLIST_KEY_UIApplicationSupportsIndirectInputEvents = YES;
				INFOPLIST_KEY_UILaunchScreen_Generation = YES;
				INFOPLIST_KEY_UISupportedInterfaceOrientations_iPad = "UIInterfaceOrientationPortrait UIInterfaceOrientationPortraitUpsideDown UIInterfaceOrientationLandscapeLeft UIInterfaceOrientationLandscapeRight";
				INFOPLIST_KEY_UISupportedInterfaceOrientations_iPhone = "UIInterfaceOrientationPortrait UIInterfaceOrientationLandscapeLeft UIInterfaceOrientationLandscapeRight";
				IPHONEOS_DEPLOYMENT_TARGET = 17.0;
				LD_RUNPATH_SEARCH_PATHS = (
					"$(inherited)",
					"@executable_path/Frameworks",
				);
				MARKETING_VERSION = 1.0;
				PRODUCT_BUNDLE_IDENTIFIER = com.orange.testapp;
				PRODUCT_NAME = "$(TARGET_NAME)";
				SWIFT_EMIT_LOC_STRINGS = YES;
				SWIFT_VERSION = 5.0;
				TARGETED_DEVICE_FAMILY = "1,2";
			};
			name = Release;
		};
/* End XCBuildConfiguration section */

/* Begin XCConfigurationList section */
		500898B82D198DA100EE0A09 /* Build configuration list for PBXProject "testapp" */ = {
			isa = XCConfigurationList;
			buildConfigurations = (
				500898C92D198DA300EE0A09 /* Debug */,
				500898CA2D198DA300EE0A09 /* Release */,
			);
			defaultConfigurationIsVisible = 0;
			defaultConfigurationName = Release;
		};
		500898CB2D198DA300EE0A09 /* Build configuration list for PBXNativeTarget "testapp" */ = {
			isa = XCConfigurationList;
			buildConfigurations = (
				500898CC2D198DA300EE0A09 /* Debug */,
				500898CD2D198DA300EE0A09 /* Release */,
			);
			defaultConfigurationIsVisible = 0;
			defaultConfigurationName = Release;
		};
/* End XCConfigurationList section */
	};
	rootObject = 500898B52D198DA100EE0A09 /* Project object */;
}
